
Microsoft Visual Studio Solution File, Format Version 12.00
# Visual Studio Version 17
VisualStudioVersion = 17.5.33530.505
MinimumVisualStudioVersion = 10.0.40219.1
Project("{8BC9CEB8-8B4A-11D0-8D11-00A0C91BC942}") = "test_7_20_1", "test_7_20_1\test_7_20_1.vcxproj", "{1AC46139-08F5-4760-9768-33A2BD10E948}"
EndProject
Global
	GlobalSection(SolutionConfigurationPlatforms) = preSolution
		Debug|x64 = Debug|x64
		Debug|x86 = Debug|x86
		Release|x64 = Release|x64
		Release|x86 = Release|x86
	EndGlobalSection
	GlobalSection(ProjectConfigurationPlatforms) = postSolution
		{1AC46139-08F5-4760-9768-33A2BD10E948}.Debug|x64.ActiveCfg = Debug|x64
		{1AC46139-08F5-4760-9768-33A2BD10E948}.Debug|x64.Build.0 = Debug|x64
		{1AC46139-08F5-4760-9768-33A2BD10E948}.Debug|x86.ActiveCfg = Debug|Win32
		{1AC46139-08F5-4760-9768-33A2BD10E948}.Debug|x86.Build.0 = Debug|Win32
		{1AC46139-08F5-4760-9768-33A2BD10E948}.Release|x64.ActiveCfg = Release|x64
		{1AC46139-08F5-4760-9768-33A2BD10E948}.Release|x64.Build.0 = Release|x64
		{1AC46139-08F5-4760-9768-33A2BD10E948}.Release|x86.ActiveCfg = Release|Win32
		{1AC46139-08F5-4760-9768-33A2BD10E948}.Release|x86.Build.0 = Release|Win32
	EndGlobalSection
	GlobalSection(SolutionProperties) = preSolution
		HideSolutionNode = FALSE
	EndGlobalSection
	GlobalSection(ExtensibilityGlobals) = postSolution
		SolutionGuid = {CA39DCB8-2A75-4BBA-951A-AC0A095B1AD4}
	EndGlobalSection
EndGlobal
